
Microsoft Visual Studio Solution File, Format Version 12.00
# Visual Studio Version 16
VisualStudioVersion = 16.0.30717.126
MinimumVisualStudioVersion = 10.0.40219.1
Project("{9A19103F-16F7-4668-BE54-9A1E7A4F7556}") = "DeBankWebApp", "DeBankWebApp\DeBankWebApp.csproj", "{1484CD80-62CC-4B83-AE12-0DF90A4E48B5}"
EndProject
Project("{9A19103F-16F7-4668-BE54-9A1E7A4F7556}") = "DeBank.FrontEnd", "DeBank.FrontEnd\DeBank.FrontEnd.csproj", "{C8A62FB2-5AEA-4AD6-AE63-9D9C3CC680AD}"
EndProject
Project("{9A19103F-16F7-4668-BE54-9A1E7A4F7556}") = "DeBank.Library", "DeBank.Library\DeBank.Library.csproj", "{6FF236D9-EA8E-4523-B37D-BACE8573BB27}"
EndProject
Project("{9A19103F-16F7-4668-BE54-9A1E7A4F7556}") = "DeBank.Tests", "DeBank.Tests\DeBank.Tests.csproj", "{70E6523F-ED97-436D-AA9A-B62EA7621492}"
EndProject
Global
	GlobalSection(SolutionConfigurationPlatforms) = preSolution
		Debug|Any CPU = Debug|Any CPU
		Release|Any CPU = Release|Any CPU
	EndGlobalSection
	GlobalSection(ProjectConfigurationPlatforms) = postSolution
		{1484CD80-62CC-4B83-AE12-0DF90A4E48B5}.Debug|Any CPU.ActiveCfg = Debug|Any CPU
		{1484CD80-62CC-4B83-AE12-0DF90A4E48B5}.Debug|Any CPU.Build.0 = Debug|Any CPU
		{1484CD80-62CC-4B83-AE12-0DF90A4E48B5}.Release|Any CPU.ActiveCfg = Release|Any CPU
		{1484CD80-62CC-4B83-AE12-0DF90A4E48B5}.Release|Any CPU.Build.0 = Release|Any CPU
		{C8A62FB2-5AEA-4AD6-AE63-9D9C3CC680AD}.Debug|Any CPU.ActiveCfg = Debug|Any CPU
		{C8A62FB2-5AEA-4AD6-AE63-9D9C3CC680AD}.Debug|Any CPU.Build.0 = Debug|Any CPU
		{C8A62FB2-5AEA-4AD6-AE63-9D9C3CC680AD}.Release|Any CPU.ActiveCfg = Release|Any CPU
		{C8A62FB2-5AEA-4AD6-AE63-9D9C3CC680AD}.Release|Any CPU.Build.0 = Release|Any CPU
		{6FF236D9-EA8E-4523-B37D-BACE8573BB27}.Debug|Any CPU.ActiveCfg = Debug|Any CPU
		{6FF236D9-EA8E-4523-B37D-BACE8573BB27}.Debug|Any CPU.Build.0 = Debug|Any CPU
		{6FF236D9-EA8E-4523-B37D-BACE8573BB27}.Release|Any CPU.ActiveCfg = Release|Any CPU
		{6FF236D9-EA8E-4523-B37D-BACE8573BB27}.Release|Any CPU.Build.0 = Release|Any CPU
		{70E6523F-ED97-436D-AA9A-B62EA7621492}.Debug|Any CPU.ActiveCfg = Debug|Any CPU
		{70E6523F-ED97-436D-AA9A-B62EA7621492}.Debug|Any CPU.Build.0 = Debug|Any CPU
		{70E6523F-ED97-436D-AA9A-B62EA7621492}.Release|Any CPU.ActiveCfg = Release|Any CPU
		{70E6523F-ED97-436D-AA9A-B62EA7621492}.Release|Any CPU.Build.0 = Release|Any CPU
	EndGlobalSection
	GlobalSection(SolutionProperties) = preSolution
		HideSolutionNode = FALSE
	EndGlobalSection
	GlobalSection(ExtensibilityGlobals) = postSolution
		SolutionGuid = {43A375FC-20ED-484F-AD38-4ECA2216C69D}
	EndGlobalSection
EndGlobal
